
Microsoft Visual Studio Solution File, Format Version 12.00
# Visual Studio Version 17
VisualStudioVersion = 17.8.34309.116
MinimumVisualStudioVersion = 10.0.40219.1
Project("{9A19103F-16F7-4668-BE54-9A1E7A4F7556}") = "NINASonyCameraPlugin", "NINASonyCameraPlugin.csproj", "{250BAEFA-0DF5-4FB3-B78E-0C24A4D033CB}"
EndProject
Global
	GlobalSection(SolutionConfigurationPlatforms) = preSolution
		Debug|Any CPU = Debug|Any CPU
		Release|Any CPU = Release|Any CPU
	EndGlobalSection
	GlobalSection(ProjectConfigurationPlatforms) = postSolution
		{250BAEFA-0DF5-4FB3-B78E-0C24A4D033CB}.Debug|Any CPU.ActiveCfg = Debug|Any CPU
		{250BAEFA-0DF5-4FB3-B78E-0C24A4D033CB}.Debug|Any CPU.Build.0 = Debug|Any CPU
		{250BAEFA-0DF5-4FB3-B78E-0C24A4D033CB}.Release|Any CPU.ActiveCfg = Release|Any CPU
		{250BAEFA-0DF5-4FB3-B78E-0C24A4D033CB}.Release|Any CPU.Build.0 = Release|Any CPU
	EndGlobalSection
	GlobalSection(SolutionProperties) = preSolution
		HideSolutionNode = FALSE
	EndGlobalSection
	GlobalSection(ExtensibilityGlobals) = postSolution
		SolutionGuid = {B861E4F7-2C53-4C87-B26B-C7672437DBF7}
	EndGlobalSection
EndGlobal
